schema: '2.0'
stages:
  download:
    cmd: python data_processing/data_download.py --server EU2 -c c40 data/raw
    deps:
    - path: data_processing/data_download.py
      hash: md5
      md5: 2bfe649b45c8157a3be4864efe3b5513
      size: 11003
    outs:
    - path: data/raw
      hash: md5
      md5: 02ab1d5500c40f39b4722054fe10706a.dir
      size: 4839546726
      nfiles: 9431
